
Microsoft Visual Studio Solution File, Format Version 12.00
# Visual Studio Version 17
VisualStudioVersion = 17.8.34309.116
MinimumVisualStudioVersion = 10.0.40219.1
Project("{2150E333-8FDC-42A3-9474-1A3956D46DE8}") = "src", "src", "{54CF1AF3-1EC4-4A12-8CA5-78AF01AB19FF}"
	ProjectSection(SolutionItems) = preProject
		docker-compose.yml = docker-compose.yml
	EndProjectSection
EndProject
Project("{9A19103F-16F7-4668-BE54-9A1E7A4F7556}") = "AuctionService", "src\Auction\AuctionService\AuctionService.csproj", "{97750007-9761-4C95-B777-D45F148ECBEC}"
EndProject
Project("{9A19103F-16F7-4668-BE54-9A1E7A4F7556}") = "SearchService", "src\Search\SearchService\SearchService.csproj", "{D20D8B4E-AD55-4B50-BB26-66BD134FDE48}"
EndProject
Project("{9A19103F-16F7-4668-BE54-9A1E7A4F7556}") = "Contracts", "src\Common\Contracts\Contracts.csproj", "{146B5899-70DA-4538-B6CD-DD047CF7806B}"
EndProject
Project("{9A19103F-16F7-4668-BE54-9A1E7A4F7556}") = "IdentityService", "src\IdentityService\IdentityService.csproj", "{73773594-CA31-4E6B-8808-C578057C9EB4}"
EndProject
Project("{9A19103F-16F7-4668-BE54-9A1E7A4F7556}") = "GatewayService", "src\GatewayService\GatewayService.csproj", "{55F2AE3E-6E24-4F3C-B777-18074461C5EF}"
EndProject
Project("{FAE04EC0-301F-11D3-BF4B-00C04F79EFBC}") = "BiddingService", "src\BiddingService\BiddingService.csproj", "{7F950DBA-D211-40ED-8804-C27B297552DE}"
EndProject
Global
	GlobalSection(SolutionConfigurationPlatforms) = preSolution
		Debug|Any CPU = Debug|Any CPU
		Debug|x64 = Debug|x64
		Debug|x86 = Debug|x86
		Release|Any CPU = Release|Any CPU
		Release|x64 = Release|x64
		Release|x86 = Release|x86
	EndGlobalSection
	GlobalSection(ProjectConfigurationPlatforms) = postSolution
		{97750007-9761-4C95-B777-D45F148ECBEC}.Debug|Any CPU.ActiveCfg = Debug|Any CPU
		{97750007-9761-4C95-B777-D45F148ECBEC}.Debug|Any CPU.Build.0 = Debug|Any CPU
		{97750007-9761-4C95-B777-D45F148ECBEC}.Debug|x64.ActiveCfg = Debug|Any CPU
		{97750007-9761-4C95-B777-D45F148ECBEC}.Debug|x64.Build.0 = Debug|Any CPU
		{97750007-9761-4C95-B777-D45F148ECBEC}.Debug|x86.ActiveCfg = Debug|Any CPU
		{97750007-9761-4C95-B777-D45F148ECBEC}.Debug|x86.Build.0 = Debug|Any CPU
		{97750007-9761-4C95-B777-D45F148ECBEC}.Release|Any CPU.ActiveCfg = Release|Any CPU
		{97750007-9761-4C95-B777-D45F148ECBEC}.Release|Any CPU.Build.0 = Release|Any CPU
		{97750007-9761-4C95-B777-D45F148ECBEC}.Release|x64.ActiveCfg = Release|Any CPU
		{97750007-9761-4C95-B777-D45F148ECBEC}.Release|x64.Build.0 = Release|Any CPU
		{97750007-9761-4C95-B777-D45F148ECBEC}.Release|x86.ActiveCfg = Release|Any CPU
		{97750007-9761-4C95-B777-D45F148ECBEC}.Release|x86.Build.0 = Release|Any CPU
		{D20D8B4E-AD55-4B50-BB26-66BD134FDE48}.Debug|Any CPU.ActiveCfg = Debug|Any CPU
		{D20D8B4E-AD55-4B50-BB26-66BD134FDE48}.Debug|Any CPU.Build.0 = Debug|Any CPU
		{D20D8B4E-AD55-4B50-BB26-66BD134FDE48}.Debug|x64.ActiveCfg = Debug|Any CPU
		{D20D8B4E-AD55-4B50-BB26-66BD134FDE48}.Debug|x64.Build.0 = Debug|Any CPU
		{D20D8B4E-AD55-4B50-BB26-66BD134FDE48}.Debug|x86.ActiveCfg = Debug|Any CPU
		{D20D8B4E-AD55-4B50-BB26-66BD134FDE48}.Debug|x86.Build.0 = Debug|Any CPU
		{D20D8B4E-AD55-4B50-BB26-66BD134FDE48}.Release|Any CPU.ActiveCfg = Release|Any CPU
		{D20D8B4E-AD55-4B50-BB26-66BD134FDE48}.Release|Any CPU.Build.0 = Release|Any CPU
		{D20D8B4E-AD55-4B50-BB26-66BD134FDE48}.Release|x64.ActiveCfg = Release|Any CPU
		{D20D8B4E-AD55-4B50-BB26-66BD134FDE48}.Release|x64.Build.0 = Release|Any CPU
		{D20D8B4E-AD55-4B50-BB26-66BD134FDE48}.Release|x86.ActiveCfg = Release|Any CPU
		{D20D8B4E-AD55-4B50-BB26-66BD134FDE48}.Release|x86.Build.0 = Release|Any CPU
		{146B5899-70DA-4538-B6CD-DD047CF7806B}.Debug|Any CPU.ActiveCfg = Debug|Any CPU
		{146B5899-70DA-4538-B6CD-DD047CF7806B}.Debug|Any CPU.Build.0 = Debug|Any CPU
		{146B5899-70DA-4538-B6CD-DD047CF7806B}.Debug|x64.ActiveCfg = Debug|Any CPU
		{146B5899-70DA-4538-B6CD-DD047CF7806B}.Debug|x64.Build.0 = Debug|Any CPU
		{146B5899-70DA-4538-B6CD-DD047CF7806B}.Debug|x86.ActiveCfg = Debug|Any CPU
		{146B5899-70DA-4538-B6CD-DD047CF7806B}.Debug|x86.Build.0 = Debug|Any CPU
		{146B5899-70DA-4538-B6CD-DD047CF7806B}.Release|Any CPU.ActiveCfg = Release|Any CPU
		{146B5899-70DA-4538-B6CD-DD047CF7806B}.Release|Any CPU.Build.0 = Release|Any CPU
		{146B5899-70DA-4538-B6CD-DD047CF7806B}.Release|x64.ActiveCfg = Release|Any CPU
		{146B5899-70DA-4538-B6CD-DD047CF7806B}.Release|x64.Build.0 = Release|Any CPU
		{146B5899-70DA-4538-B6CD-DD047CF7806B}.Release|x86.ActiveCfg = Release|Any CPU
		{146B5899-70DA-4538-B6CD-DD047CF7806B}.Release|x86.Build.0 = Release|Any CPU
		{73773594-CA31-4E6B-8808-C578057C9EB4}.Debug|Any CPU.ActiveCfg = Debug|Any CPU
		{73773594-CA31-4E6B-8808-C578057C9EB4}.Debug|Any CPU.Build.0 = Debug|Any CPU
		{73773594-CA31-4E6B-8808-C578057C9EB4}.Debug|x64.ActiveCfg = Debug|Any CPU
		{73773594-CA31-4E6B-8808-C578057C9EB4}.Debug|x64.Build.0 = Debug|Any CPU
		{73773594-CA31-4E6B-8808-C578057C9EB4}.Debug|x86.ActiveCfg = Debug|Any CPU
		{73773594-CA31-4E6B-8808-C578057C9EB4}.Debug|x86.Build.0 = Debug|Any CPU
		{73773594-CA31-4E6B-8808-C578057C9EB4}.Release|Any CPU.ActiveCfg = Release|Any CPU
		{73773594-CA31-4E6B-8808-C578057C9EB4}.Release|Any CPU.Build.0 = Release|Any CPU
		{73773594-CA31-4E6B-8808-C578057C9EB4}.Release|x64.ActiveCfg = Release|Any CPU
		{73773594-CA31-4E6B-8808-C578057C9EB4}.Release|x64.Build.0 = Release|Any CPU
		{73773594-CA31-4E6B-8808-C578057C9EB4}.Release|x86.ActiveCfg = Release|Any CPU
		{73773594-CA31-4E6B-8808-C578057C9EB4}.Release|x86.Build.0 = Release|Any CPU
		{55F2AE3E-6E24-4F3C-B777-18074461C5EF}.Debug|Any CPU.ActiveCfg = Debug|Any CPU
		{55F2AE3E-6E24-4F3C-B777-18074461C5EF}.Debug|Any CPU.Build.0 = Debug|Any CPU
		{55F2AE3E-6E24-4F3C-B777-18074461C5EF}.Debug|x64.ActiveCfg = Debug|Any CPU
		{55F2AE3E-6E24-4F3C-B777-18074461C5EF}.Debug|x64.Build.0 = Debug|Any CPU
		{55F2AE3E-6E24-4F3C-B777-18074461C5EF}.Debug|x86.ActiveCfg = Debug|Any CPU
		{55F2AE3E-6E24-4F3C-B777-18074461C5EF}.Debug|x86.Build.0 = Debug|Any CPU
		{55F2AE3E-6E24-4F3C-B777-18074461C5EF}.Release|Any CPU.ActiveCfg = Release|Any CPU
		{55F2AE3E-6E24-4F3C-B777-18074461C5EF}.Release|Any CPU.Build.0 = Release|Any CPU
		{55F2AE3E-6E24-4F3C-B777-18074461C5EF}.Release|x64.ActiveCfg = Release|Any CPU
		{55F2AE3E-6E24-4F3C-B777-18074461C5EF}.Release|x64.Build.0 = Release|Any CPU
		{55F2AE3E-6E24-4F3C-B777-18074461C5EF}.Release|x86.ActiveCfg = Release|Any CPU
		{55F2AE3E-6E24-4F3C-B777-18074461C5EF}.Release|x86.Build.0 = Release|Any CPU
		{7F950DBA-D211-40ED-8804-C27B297552DE}.Debug|Any CPU.ActiveCfg = Debug|Any CPU
		{7F950DBA-D211-40ED-8804-C27B297552DE}.Debug|Any CPU.Build.0 = Debug|Any CPU
		{7F950DBA-D211-40ED-8804-C27B297552DE}.Debug|x64.ActiveCfg = Debug|Any CPU
		{7F950DBA-D211-40ED-8804-C27B297552DE}.Debug|x64.Build.0 = Debug|Any CPU
		{7F950DBA-D211-40ED-8804-C27B297552DE}.Debug|x86.ActiveCfg = Debug|Any CPU
		{7F950DBA-D211-40ED-8804-C27B297552DE}.Debug|x86.Build.0 = Debug|Any CPU
		{7F950DBA-D211-40ED-8804-C27B297552DE}.Release|Any CPU.ActiveCfg = Release|Any CPU
		{7F950DBA-D211-40ED-8804-C27B297552DE}.Release|Any CPU.Build.0 = Release|Any CPU
		{7F950DBA-D211-40ED-8804-C27B297552DE}.Release|x64.ActiveCfg = Release|Any CPU
		{7F950DBA-D211-40ED-8804-C27B297552DE}.Release|x64.Build.0 = Release|Any CPU
		{7F950DBA-D211-40ED-8804-C27B297552DE}.Release|x86.ActiveCfg = Release|Any CPU
		{7F950DBA-D211-40ED-8804-C27B297552DE}.Release|x86.Build.0 = Release|Any CPU
	EndGlobalSection
	GlobalSection(SolutionProperties) = preSolution
		HideSolutionNode = FALSE
	EndGlobalSection
	GlobalSection(NestedProjects) = preSolution
		{97750007-9761-4C95-B777-D45F148ECBEC} = {54CF1AF3-1EC4-4A12-8CA5-78AF01AB19FF}
		{D20D8B4E-AD55-4B50-BB26-66BD134FDE48} = {54CF1AF3-1EC4-4A12-8CA5-78AF01AB19FF}
		{146B5899-70DA-4538-B6CD-DD047CF7806B} = {54CF1AF3-1EC4-4A12-8CA5-78AF01AB19FF}
		{73773594-CA31-4E6B-8808-C578057C9EB4} = {54CF1AF3-1EC4-4A12-8CA5-78AF01AB19FF}
		{55F2AE3E-6E24-4F3C-B777-18074461C5EF} = {54CF1AF3-1EC4-4A12-8CA5-78AF01AB19FF}
		{7F950DBA-D211-40ED-8804-C27B297552DE} = {54CF1AF3-1EC4-4A12-8CA5-78AF01AB19FF}
	EndGlobalSection
	GlobalSection(ExtensibilityGlobals) = postSolution
		SolutionGuid = {4B1A75B0-9C21-4D45-A99F-A9300BFBACE8}
	EndGlobalSection
EndGlobal
